
Microsoft Visual Studio Solution File, Format Version 12.00
# Visual Studio Version 17
VisualStudioVersion = 17.0.31825.309
MinimumVisualStudioVersion = 10.0.40219.1
Project("{9A19103F-16F7-4668-BE54-9A1E7A4F7556}") = "Skeleton.Abstractions", "Skeleton.Abstractions\Skeleton.Abstractions.csproj", "{7923F21A-F04A-4D02-AFB2-AF0CF8994A70}"
EndProject
Project("{D954291E-2A0B-460D-934E-DC6B0785DB48}") = "Bnaya.SourceCodeGenerator.Extensions.Shared", "Bnaya.SourceCodeGenerator.Extensions.Shared\Bnaya.SourceCodeGenerator.Extensions.Shared.shproj", "{99732F3C-F02F-4E3D-889B-5710A7FC541B}"
EndProject
Project("{9A19103F-16F7-4668-BE54-9A1E7A4F7556}") = "Skeleton", "Skeleton\Skeleton.csproj", "{35348B08-4755-4B4A-B45C-23957843BD04}"
EndProject
Project("{9A19103F-16F7-4668-BE54-9A1E7A4F7556}") = "Skeleton.Playground", "Skeleton.Playground\Skeleton.Playground.csproj", "{F1D5792A-7431-4017-A252-0EE6510D554D}"
EndProject
Project("{9A19103F-16F7-4668-BE54-9A1E7A4F7556}") = "Skeleton.Playground.Tests", "Skeleton.Playground.Tests\Skeleton.Playground.Tests.csproj", "{B05224D2-816C-4152-B9CE-01582A4AF4ED}"
EndProject
Global
	GlobalSection(SolutionConfigurationPlatforms) = preSolution
		Debug|Any CPU = Debug|Any CPU
		Gen|Any CPU = Gen|Any CPU
		Release|Any CPU = Release|Any CPU
	EndGlobalSection
	GlobalSection(ProjectConfigurationPlatforms) = postSolution
		{7923F21A-F04A-4D02-AFB2-AF0CF8994A70}.Debug|Any CPU.ActiveCfg = Debug|Any CPU
		{7923F21A-F04A-4D02-AFB2-AF0CF8994A70}.Debug|Any CPU.Build.0 = Debug|Any CPU
		{7923F21A-F04A-4D02-AFB2-AF0CF8994A70}.Gen|Any CPU.ActiveCfg = Gen|Any CPU
		{7923F21A-F04A-4D02-AFB2-AF0CF8994A70}.Gen|Any CPU.Build.0 = Gen|Any CPU
		{7923F21A-F04A-4D02-AFB2-AF0CF8994A70}.Release|Any CPU.ActiveCfg = Release|Any CPU
		{7923F21A-F04A-4D02-AFB2-AF0CF8994A70}.Release|Any CPU.Build.0 = Release|Any CPU
		{35348B08-4755-4B4A-B45C-23957843BD04}.Debug|Any CPU.ActiveCfg = Debug|Any CPU
		{35348B08-4755-4B4A-B45C-23957843BD04}.Debug|Any CPU.Build.0 = Debug|Any CPU
		{35348B08-4755-4B4A-B45C-23957843BD04}.Gen|Any CPU.ActiveCfg = Gen|Any CPU
		{35348B08-4755-4B4A-B45C-23957843BD04}.Gen|Any CPU.Build.0 = Gen|Any CPU
		{35348B08-4755-4B4A-B45C-23957843BD04}.Release|Any CPU.ActiveCfg = Release|Any CPU
		{35348B08-4755-4B4A-B45C-23957843BD04}.Release|Any CPU.Build.0 = Release|Any CPU
		{F1D5792A-7431-4017-A252-0EE6510D554D}.Debug|Any CPU.ActiveCfg = Debug|Any CPU
		{F1D5792A-7431-4017-A252-0EE6510D554D}.Debug|Any CPU.Build.0 = Debug|Any CPU
		{F1D5792A-7431-4017-A252-0EE6510D554D}.Gen|Any CPU.ActiveCfg = Gen|Any CPU
		{F1D5792A-7431-4017-A252-0EE6510D554D}.Gen|Any CPU.Build.0 = Gen|Any CPU
		{F1D5792A-7431-4017-A252-0EE6510D554D}.Release|Any CPU.ActiveCfg = Release|Any CPU
		{F1D5792A-7431-4017-A252-0EE6510D554D}.Release|Any CPU.Build.0 = Release|Any CPU
		{B05224D2-816C-4152-B9CE-01582A4AF4ED}.Debug|Any CPU.ActiveCfg = Debug|Any CPU
		{B05224D2-816C-4152-B9CE-01582A4AF4ED}.Debug|Any CPU.Build.0 = Debug|Any CPU
		{B05224D2-816C-4152-B9CE-01582A4AF4ED}.Gen|Any CPU.ActiveCfg = Gen|Any CPU
		{B05224D2-816C-4152-B9CE-01582A4AF4ED}.Gen|Any CPU.Build.0 = Gen|Any CPU
		{B05224D2-816C-4152-B9CE-01582A4AF4ED}.Release|Any CPU.ActiveCfg = Release|Any CPU
		{B05224D2-816C-4152-B9CE-01582A4AF4ED}.Release|Any CPU.Build.0 = Release|Any CPU
	EndGlobalSection
	GlobalSection(SolutionProperties) = preSolution
		HideSolutionNode = FALSE
	EndGlobalSection
	GlobalSection(NestedProjects) = preSolution
		{35348B08-4755-4B4A-B45C-23957843BD04} = {FB88530D-C786-4F35-86C0-5CC61E606502}
		{F1D5792A-7431-4017-A252-0EE6510D554D} = {FB88530D-C786-4F35-86C0-5CC61E606502}
		{B05224D2-816C-4152-B9CE-01582A4AF4ED} = {AE4EBFDF-EADA-4D89-A8BD-5A0FBE6B8BC7}
	EndGlobalSection
	GlobalSection(ExtensibilityGlobals) = postSolution
		SolutionGuid = {A27F8F97-8EDA-47D5-8893-F9C857C2D1BC}
	EndGlobalSection
	GlobalSection(SharedMSBuildProjectFiles) = preSolution
		Bnaya.SourceCodeGenerator.Extensions.Shared\Bnaya.SourceCodeGenerator.Extensions.Shared.projitems*{35348b08-4755-4b4a-b45c-23957843bd04}*SharedItemsImports = 5
		Bnaya.SourceCodeGenerator.Extensions.Shared\Bnaya.SourceCodeGenerator.Extensions.Shared.projitems*{99732f3c-f02f-4e3d-889b-5710a7fc541b}*SharedItemsImports = 13
	EndGlobalSection
EndGlobal
